
Microsoft Visual Studio Solution File, Format Version 12.00
# Visual Studio 14
VisualStudioVersion = 14.0.24720.0
MinimumVisualStudioVersion = 10.0.40219.1
Project("{2150E333-8FDC-42A3-9474-1A3956D46DE8}") = "src", "src", "{CFD1A492-B7C7-4E39-A9B8-08ACCACC0EF6}"
EndProject
Project("{2150E333-8FDC-42A3-9474-1A3956D46DE8}") = "Solution Items", "Solution Items", "{7AD6B243-6D39-4445-AE50-A06D48EF59A2}"
	ProjectSection(SolutionItems) = preProject
		global.json = global.json
	EndProjectSection
EndProject
Project("{8BB2217D-0F2D-49D1-97BC-3654ED321F3B}") = "CommitsOfFury", "src\CommitsOfFury\CommitsOfFury.xproj", "{6A751F28-9C54-4C88-8688-2CF6EC55597C}"
EndProject
Global
	GlobalSection(SolutionConfigurationPlatforms) = preSolution
		Debug|Any CPU = Debug|Any CPU
		Release|Any CPU = Release|Any CPU
	EndGlobalSection
	GlobalSection(ProjectConfigurationPlatforms) = postSolution
		{6A751F28-9C54-4C88-8688-2CF6EC55597C}.Debug|Any CPU.ActiveCfg = Debug|Any CPU
		{6A751F28-9C54-4C88-8688-2CF6EC55597C}.Debug|Any CPU.Build.0 = Debug|Any CPU
		{6A751F28-9C54-4C88-8688-2CF6EC55597C}.Release|Any CPU.ActiveCfg = Release|Any CPU
		{6A751F28-9C54-4C88-8688-2CF6EC55597C}.Release|Any CPU.Build.0 = Release|Any CPU
	EndGlobalSection
	GlobalSection(SolutionProperties) = preSolution
		HideSolutionNode = FALSE
	EndGlobalSection
	GlobalSection(NestedProjects) = preSolution
		{6A751F28-9C54-4C88-8688-2CF6EC55597C} = {CFD1A492-B7C7-4E39-A9B8-08ACCACC0EF6}
	EndGlobalSection
EndGlobal
